# This file is automatically @generated by Cargo.
# It is not intended for manual editing.
version = 3

[[package]]
name = "executer"
version = "0.1.0"
dependencies = [
 "processor",
]

[[package]]
name = "hello"
version = "0.1.0"

[[package]]
name = "processor"
version = "0.1.0"

[[package]]
name = "provider"
version = "0.1.0"

[[package]]
name = "terraform"
version = "0.1.0"
dependencies = [
 "executer",
 "processor",
 "provider",
]
